github.com/SaveTheRbtz/mph v0.1.1-0.20240117162131-4166ec7869bc h1:DCHzPQOcU/7gwDTWbFQZc5qHMPS1g0xTO56k8NXsv9M=
github.com/SaveTheRbtz/mph v0.1.1-0.20240117162131-4166ec7869bc/go.mod h1:LJM5a3zcIJ/8TmZwlUczvROEJT8ntOdhdG9jjcR1B0I=
github.com/bits-and-blooms/bitset v1.24.0 h1:H4x4TuulnokZKvHLfzVRTHJfFfnHEeSYJizujEZvmAM=
github.com/bits-and-blooms/bitset v1.24.0/go.mod h1:7hO7Gc7Pp1vODcmWvKMRA9BNmbv6a/7QIWpPxHddWR8=
github.com/btcsuite/btcd/btcec/v2 v2.3.4 h1:3EJjcN70HCu/mwqlUsGK8GcNVyLVxFDlWurTXGPFfiQ=
github.com/btcsuite/btcd/btcec/v2 v2.3.4/go.mod h1:zYzJ8etWJQIv1Ogk7OzpWjowwOdXY1W/17j2MW85J04=
github.com/creack/pty v1.1.9/go.mod h1:oKZEueFk5CKHvIhNR5MUki03XCEU+Q6VDXinZuGJ33E=
github.com/davecgh/go-spew v1.1.1 h1:vj9j/u1bqnvCEfJOwUhtlOARqs3+rkHYY13jYWTU97c=
github.com/davecgh/go-spew v1.1.1/go.mod h1:J7Y8YcW2NihsgmVo/mv3lAwl/skON4iLHjSsI+c5H38=
github.com/decred/dcrd/dcrec/secp256k1/v4 v4.2.0 h1:8UrgZ3GkP4i/CLijOJx79Yu+etlyjdBU4sfcs2WYQMs=
github.com/decred/dcrd/dcrec/secp256k1/v4 v4.2.0/go.mod h1:v57UDF4pDQJcEfFUCRop3lJL149eHGSe9Jvczhzjo/0=
github.com/ethereum/go-ethereum v1.16.8 h1:LLLfkZWijhR5m6yrAXbdlTeXoqontH+Ga2f9igY7law=
github.com/ethereum/go-ethereum v1.16.8/go.mod h1:Fs6QebQbavneQTYcA39PEKv2+zIjX7rPUZ14DER46wk=
github.com/fxamacker/cbor/v2 v2.8.1-0.20250402194037-6f932b086829 h1:qOglMkJ5YBwog/GU/NXhP9gFqxUGMuqnmCkbj65JMhk=
github.com/fxamacker/cbor/v2 v2.8.1-0.20250402194037-6f932b086829/go.mod h1:vM4b+DJCtHn+zz7h3FFp/hDAI9WNWCsZj23V5ytsSxQ=
github.com/fxamacker/circlehash v0.3.0 h1:XKdvTtIJV9t7DDUtsf0RIpC1OcxZtPbmgIH7ekx28WA=
github.com/fxamacker/circlehash v0.3.0/go.mod h1:3aq3OfVvsWtkWMb6A1owjOQFA+TLsD5FgJflnaQwtMM=
github.com/golang/protobuf v1.5.4 h1:i7eJL8qZTpSEXOPTxNKhASYpMn+8e5Q6AdndVa1dWek=
github.com/golang/protobuf v1.5.4/go.mod h1:lnTiLA8Wa4RWRcIUkrtSVa5nRhsEGBg48fD6rSs7xps=
github.com/google/go-cmp v0.7.0 h1:wk8382ETsv4JYUZwIsn6YpYiWiBsYLSJiTsyBybVuN8=
github.com/google/go-cmp v0.7.0/go.mod h1:pXiqmnSA92OHEEa9HXL2W4E7lf9JzCmGVUdgjX3N/iU=
github.com/google/pprof v0.0.0-20250630185457-6e76a2b096b5 h1:xhMrHhTJ6zxu3gA4enFM9MLn9AY7613teCdFnlUVbSQ=
github.com/google/pprof v0.0.0-20250630185457-6e76a2b096b5/go.mod h1:5hDyRhoBCxViHszMt12TnOpEI4VVi+U8Gm9iphldiMA=
github.com/holiman/uint256 v1.3.2 h1:a9EgMPSC1AAaj1SZL5zIQD3WbwTuHrMGOerLjGmM/TA=
github.com/holiman/uint256 v1.3.2/go.mod h1:EOMSn4q6Nyt9P6efbI3bueV4e1b3dGlUCXeiRV4ng7E=
github.com/k0kubun/pp/v3 v3.5.0 h1:iYNlYA5HJAJvkD4ibuf9c8y6SHM0QFhaBuCqm1zHp0w=
github.com/k0kubun/pp/v3 v3.5.0/go.mod h1:5lzno5ZZeEeTV/Ky6vs3g6d1U3WarDrH8k240vMtGro=
github.com/kevinburke/go-bindata v3.23.0+incompatible h1:rqNOXZlqrYhMVVAsQx8wuc+LaA73YcfbQ407wAykyS8=
github.com/kevinburke/go-bindata v3.23.0+incompatible/go.mod h1:/pEEZ72flUW2p0yi30bslSp9YqD9pysLxunQDdb2CPM=
github.com/klauspost/cpuid/v2 v2.2.6 h1:ndNyv040zDGIDh8thGkXYjnFtiN02M1PVVF+JE/48xc=
github.com/klauspost/cpuid/v2 v2.2.6/go.mod h1:Lcz8mBdAVJIBVzewtcLocK12l3Y+JytZYpaMropDUws=
github.com/kr/pretty v0.3.1 h1:flRD4NNwYAUpkphVc1HcthR4KEIFJ65n8Mw5qdRn3LE=
github.com/kr/pretty v0.3.1/go.mod h1:hoEshYVHaxMs3cyo3Yncou5ZscifuDolrwPKZanG3xk=
github.com/kr/text v0.2.0 h1:5Nx0Ya0ZqY2ygV366QzturHI13Jq95ApcVaJBhpS+AY=
github.com/kr/text v0.2.0/go.mod h1:eLer722TekiGuMkidMxC/pM04lWEeraHUUmBw8l2grE=
github.com/leanovate/gopter v0.2.11 h1:vRjThO1EKPb/1NsDXuDrzldR28RLkBflWYcU9CvzWu4=
github.com/leanovate/gopter v0.2.11/go.mod h1:aK3tzZP/C+p1m3SPRE4SYZFGP7jjkuSI4f7Xvpt0S9c=
github.com/logrusorgru/aurora/v4 v4.0.0 h1:sRjfPpun/63iADiSvGGjgA1cAYegEWMPCJdUpJYn9JA=
github.com/logrusorgru/aurora/v4 v4.0.0/go.mod h1:lP0iIa2nrnT/qoFXcOZSrZQpJ1o6n2CUf/hyHi2Q4ZQ=
github.com/mattn/go-colorable v0.1.14 h1:9A9LHSqF/7dyVVX6g0U9cwm9pG3kP9gSzcuIPHPsaIE=
github.com/mattn/go-colorable v0.1.14/go.mod h1:6LmQG8QLFO4G5z1gPvYEzlUgJ2wF+stgPZH1UqBm1s8=
github.com/mattn/go-isatty v0.0.20 h1:xfD0iDuEKnDkl03q4limB+vH+GxLEtL/jb4xVJSWWEY=
github.com/mattn/go-isatty v0.0.20/go.mod h1:W+V8PltTTMOvKvAeJH7IuucS94S2C6jfK/D7dTCTo3Y=
github.com/niemeyer/pretty v0.0.0-20200227124842-a10e7caefd8e h1:fD57ERR4JtEqsWbfPhv4DMiApHyliiK5xCTNVSPiaAs=
github.com/niemeyer/pretty v0.0.0-20200227124842-a10e7caefd8e/go.mod h1:zD1mROLANZcx1PVRCS0qkT7pwLkGfwJo4zjcN/Tysno=
github.com/onflow/atree v0.11.0 h1:NrGHb7l3pKvFPFAdYfEyezg6D7xBNcMSwQHliOHtZug=
github.com/onflow/atree v0.11.0/go.mod h1:uZE/bzDfMLXJH9BYL8HxNisw9pHZGyc+mDLuSMeUAVY=
github.com/onflow/cadence v1.8.3 h1:rYPYa7wbstmX9BpMLC0eMx6r8y1qnVBHNw+k8baLRqg=
github.com/onflow/cadence v1.8.3/go.mod h1:08FmLMsBjhRTgE9tmiSJjFNJrjcuTUawQFFUQq8J1Y4=
github.com/onflow/crypto v0.25.3 h1:XQ3HtLsw8h1+pBN+NQ1JYM9mS2mVXTyg55OldaAIF7U=
github.com/onflow/crypto v0.25.3/go.mod h1:+1igaXiK6Tjm9wQOBD1EGwW7bYWMUGKtwKJ/2QL/OWs=
github.com/onflow/fixed-point v0.1.1 h1:j0jYZVO8VGyk1476alGudEg7XqCkeTVxb5ElRJRKS90=
github.com/onflow/fixed-point v0.1.1/go.mod h1:gJdoHqKtToKdOZbvryJvDZfcpzC7d2fyWuo3ZmLtcGY=
github.com/onflow/flow-go-sdk v1.9.2 h1:kMw3qShgLNIASHGMgoY+faTBQ+1MnzsNLAH+oxy9eiY=
github.com/onflow/flow-go-sdk v1.9.2/go.mod h1:qVuzMGXNJBMktKnIDKLjV0/k21P2XD39dOfMW+X5Bsc=
github.com/onflow/flow/protobuf/go/flow v0.4.16 h1:UADQeq/mpuqFk+EkwqDNoF70743raWQKmB/Dm/eKt2Q=
github.com/onflow/flow/protobuf/go/flow v0.4.16/go.mod h1:NA2pX2nw8zuaxfKphhKsk00kWLwfd+tv8mS23YXO4Sk=
github.com/pkg/diff v0.0.0-20210226163009-20ebb0f2a09e/go.mod h1:pJLUxLENpZxwdsKMEsNbx1VGcRFpLqf3715MtcvvzbA=
github.com/pkg/errors v0.9.1 h1:FEBLx1zS214owpjy7qsBeixbURkuhQAwrK5UwLGTwt4=
github.com/pkg/errors v0.9.1/go.mod h1:bwawxfHBFNV+L2hUp1rHADufV3IMtnDRdf1r5NINEl0=
github.com/pmezard/go-difflib v1.0.0 h1:4DBwDE0NGyQoBHbLQYPwSUPoCMWR5BEzIk/f1lZbAQM=
github.com/pmezard/go-difflib v1.0.0/go.mod h1:iKH77koFhYxTK1pcRnkKkqfTogsbg7gZNVY4sRDYZ/4=
github.com/rivo/uniseg v0.4.7 h1:WUdvkW8uEhrYfLC4ZzdpI2ztxP1I582+49Oc5Mq64VQ=
github.com/rivo/uniseg v0.4.7/go.mod h1:FN3SvrM+Zdj16jyLfmOkMNblXMcoc8DfTHruCPUcx88=
github.com/rogpeppe/go-internal v1.9.0/go.mod h1:WtVeX8xhTBvf0smdhujwtBcq4Qrzq/fJaraNFVN+nFs=
github.com/rogpeppe/go-internal v1.13.1 h1:KvO1DLK/DRN07sQ1LQKScxyZJuNnedQ5/wKSR38lUII=
github.com/rogpeppe/go-internal v1.13.1/go.mod h1:uMEvuHeurkdAXX61udpOXGD/AzZDWNMNyH2VO9fmH0o=
github.com/sirupsen/logrus v1.9.3 h1:dueUQJ1C2q9oE3F7wvmSGAaVtTmUizReu6fjN8uqzbQ=
github.com/sirupsen/logrus v1.9.3/go.mod h1:naHLuLoDiP4jHNo9R0sCBMtWGeIprob74mVsIT4qYEQ=
github.com/stretchr/objx v0.5.2 h1:xuMeJ0Sdp5ZMRXx/aWO6RZxdr3beISkG5/G/aIRr3pY=
github.com/stretchr/objx v0.5.2/go.mod h1:FRsXN1f5AsAjCGJKqEizvkpNtU+EGNCLh3NxZ/8L+MA=
github.com/stretchr/testify v1.11.1 h1:7s2iGBzp5EwR7/aIZr8ao5+dra3wiQyKjjFuvgVKu7U=
github.com/stretchr/testify v1.11.1/go.mod h1:wZwfW3scLgRK+23gO65QZefKpKQRnfz6sD981Nm4B6U=
github.com/texttheater/golang-levenshtein/levenshtein v0.0.0-20200805054039-cae8b0eaed6c h1:HelZ2kAFadG0La9d+4htN4HzQ68Bm2iM9qKMSMES6xg=
github.com/texttheater/golang-levenshtein/levenshtein v0.0.0-20200805054039-cae8b0eaed6c/go.mod h1:JlzghshsemAMDGZLytTFY8C1JQxQPhnatWqNwUXjggo=
github.com/turbolent/prettier v0.0.0-20220320183459-661cc755135d h1:5JInRQbk5UBX8JfUvKh2oYTLMVwj3p6n+wapDDm7hko=
github.com/turbolent/prettier v0.0.0-20220320183459-661cc755135d/go.mod h1:Nlx5Y115XQvNcIdIy7dZXaNSUpzwBSge4/Ivk93/Yog=
github.com/x448/float16 v0.8.4 h1:qLwI1I70+NjRFUR3zs1JPUCgaCXSh3SW62uAKT1mSBM=
github.com/x448/float16 v0.8.4/go.mod h1:14CWIYCyZA/cWjXOioeEpHeN/83MdbZDRQHoFcYsOfg=
github.com/zeebo/assert v1.3.0 h1:g7C04CbJuIDKNPFHmsk4hwZDO5O+kntRxzaUoNXj+IQ=
github.com/zeebo/assert v1.3.0/go.mod h1:Pq9JiuJQpG8JLJdtkwrJESF0Foym2/D9XMU5ciN/wJ0=
github.com/zeebo/blake3 v0.2.4 h1:KYQPkhpRtcqh0ssGYcKLG1JYvddkEA8QwCM/yBqhaZI=
github.com/zeebo/blake3 v0.2.4/go.mod h1:7eeQ6d2iXWRGF6npfaxl2CU+xy2Fjo2gxeyZGCRUjcE=
github.com/zeebo/pcg v1.0.1 h1:lyqfGeWiv4ahac6ttHs+I5hwtH/+1mrhlCtVNQM2kHo=
github.com/zeebo/pcg v1.0.1/go.mod h1:09F0S9iiKrwn9rlI5yjLkmrug154/YRW6KnnXVDM/l4=
go.opentelemetry.io/otel v1.37.0 h1:9zhNfelUvx0KBfu/gb+ZgeAfAgtWrfHJZcAqFC228wQ=
go.opentelemetry.io/otel v1.37.0/go.mod h1:ehE/umFRLnuLa/vSccNq9oS1ErUlkkK71gMcN34UG8I=
go.uber.org/goleak v1.3.0 h1:2K3zAYmnTNqV73imy9J1T3WC+gmCePx2hEGkimedGto=
go.uber.org/goleak v1.3.0/go.mod h1:CoHD4mav9JJNrW/WLlf7HGZPjdw8EucARQHekz1X6bE=
golang.org/x/crypto v0.45.0 h1:jMBrvKuj23MTlT0bQEOBcAE0mjg8mK9RXFhRH6nyF3Q=
golang.org/x/crypto v0.45.0/go.mod h1:XTGrrkGJve7CYK7J8PEww4aY7gM3qMCElcJQ8n8JdX4=
golang.org/x/exp v0.0.0-20240119083558-1b970713d09a h1:Q8/wZp0KX97QFTc2ywcOE0YRjZPVIx+MXInMzdvQqcA=
golang.org/x/exp v0.0.0-20240119083558-1b970713d09a/go.mod h1:idGWGoKP1toJGkd5/ig9ZLuPcZBC3ewk7SzmH0uou08=
golang.org/x/mod v0.29.0 h1:HV8lRxZC4l2cr3Zq1LvtOsi/ThTgWnUk/y64QSs8GwA=
golang.org/x/mod v0.29.0/go.mod h1:NyhrlYXJ2H4eJiRy/WDBO6HMqZQ6q9nk4JzS3NuCK+w=
golang.org/x/sync v0.18.0 h1:kr88TuHDroi+UVf+0hZnirlk8o8T+4MrK6mr60WkH/I=
golang.org/x/sync v0.18.0/go.mod h1:9KTHXmSnoGruLpwFjVSX0lNNA75CykiMECbovNTZqGI=
golang.org/x/sys v0.5.0/go.mod h1:oPkhp1MJrh7nUepCBck5+mAzfO9JrbApNNgaTdGDITg=
golang.org/x/sys v0.6.0/go.mod h1:oPkhp1MJrh7nUepCBck5+mAzfO9JrbApNNgaTdGDITg=
golang.org/x/sys v0.38.0 h1:3yZWxaJjBmCWXqhN1qh02AkOnCQ1poK6oF+a7xWL6Gc=
golang.org/x/sys v0.38.0/go.mod h1:OgkHotnGiDImocRcuBABYBEXf8A9a87e/uXjp9XT3ks=
golang.org/x/text v0.31.0 h1:aC8ghyu4JhP8VojJ2lEHBnochRno1sgL6nEi9WGFGMM=
golang.org/x/text v0.31.0/go.mod h1:tKRAlv61yKIjGGHX/4tP1LTbc13YSec1pxVEWXzfoeM=
golang.org/x/tools v0.38.0 h1:Hx2Xv8hISq8Lm16jvBZ2VQf+RLmbd7wVUsALibYI/IQ=
golang.org/x/tools v0.38.0/go.mod h1:yEsQ/d/YK8cjh0L6rZlY8tgtlKiBNTL14pGDJPJpYQs=
golang.org/x/xerrors v0.0.0-20240903120638-7835f813f4da h1:noIWHXmPHxILtqtCOPIhSt0ABwskkZKjD3bXGnZGpNY=
golang.org/x/xerrors v0.0.0-20240903120638-7835f813f4da/go.mod h1:NDW/Ps6MPRej6fsCIbMTohpP40sJ/P/vI1MoTEGwX90=
gonum.org/v1/gonum v0.16.0 h1:5+ul4Swaf3ESvrOnidPp4GZbzf0mxVQpDCYUQE7OJfk=
gonum.org/v1/gonum v0.16.0/go.mod h1:fef3am4MQ93R2HHpKnLk4/Tbh/s0+wqD5nfa6Pnwy4E=
google.golang.org/protobuf v1.36.9 h1:w2gp2mA27hUeUzj9Ex9FBjsBm40zfaDtEWow293U7Iw=
google.golang.org/protobuf v1.36.9/go.mod h1:fuxRtAxBytpl4zzqUh6/eyUujkJdNiuEkXntxiD/uRU=
gopkg.in/check.v1 v0.0.0-20161208181325-20d25e280405/go.mod h1:Co6ibVJAznAaIkqp8huTwlJQCZ016jof/cbN4VW5Yz0=
gopkg.in/check.v1 v1.0.0-20200902074654-038fdea0a05b h1:QRR6H1YWRnHb4Y/HeNFCTJLFVxaq6wH4YuVdsUOr75U=
gopkg.in/check.v1 v1.0.0-20200902074654-038fdea0a05b/go.mod h1:Co6ibVJAznAaIkqp8huTwlJQCZ016jof/cbN4VW5Yz0=
gopkg.in/yaml.v3 v3.0.1 h1:fxVm/GzAzEWqLHuvctI91KS9hhNmmWOoWu0XTYJS7CA=
gopkg.in/yaml.v3 v3.0.1/go.mod h1:K4uyk7z7BCEPqu6E+C64Yfv1cQ7kz7rIZviUmN+EgEM=
lukechampine.com/blake3 v1.4.1 h1:I3Smz7gso8w4/TunLKec6K2fn+kyKtDxr/xcQEN84Wg=
lukechampine.com/blake3 v1.4.1/go.mod h1:QFosUxmjB8mnrWFSNwKmvxHpfY72bmD2tQ0kBMM3kwo=
pgregory.net/rapid v1.1.0 h1:CMa0sjHSru3puNx+J0MIAuiiEV4N0qj8/cMWGBBCsjw=
pgregory.net/rapid v1.1.0/go.mod h1:PY5XlDGj0+V1FCq0o192FdRhpKHGTRIWBgqjDBTrq04=
